
Microsoft Visual Studio Solution File, Format Version 12.00
# Visual Studio Version 16
VisualStudioVersion = 16.0.29728.190
MinimumVisualStudioVersion = 10.0.40219.1
Project("{FAE04EC0-301F-11D3-BF4B-00C04F79EFBC}") = "RecruitmentQUIZ", "RecruitmentQUIZ\RecruitmentQUIZ.csproj", "{0A9406FB-5762-48F8-A595-26D9E8CEE74A}"
EndProject
Project("{FAE04EC0-301F-11D3-BF4B-00C04F79EFBC}") = "RandomQuest", "RandomQuest\RandomQuest.csproj", "{5F8EB958-A5FE-43D9-B692-722DE38058EC}"
EndProject
Global
	GlobalSection(SolutionConfigurationPlatforms) = preSolution
		Debug|Any CPU = Debug|Any CPU
		Release|Any CPU = Release|Any CPU
	EndGlobalSection
	GlobalSection(ProjectConfigurationPlatforms) = postSolution
		{0A9406FB-5762-48F8-A595-26D9E8CEE74A}.Debug|Any CPU.ActiveCfg = Debug|Any CPU
		{0A9406FB-5762-48F8-A595-26D9E8CEE74A}.Debug|Any CPU.Build.0 = Debug|Any CPU
		{0A9406FB-5762-48F8-A595-26D9E8CEE74A}.Release|Any CPU.ActiveCfg = Release|Any CPU
		{0A9406FB-5762-48F8-A595-26D9E8CEE74A}.Release|Any CPU.Build.0 = Release|Any CPU
		{5F8EB958-A5FE-43D9-B692-722DE38058EC}.Debug|Any CPU.ActiveCfg = Debug|Any CPU
		{5F8EB958-A5FE-43D9-B692-722DE38058EC}.Debug|Any CPU.Build.0 = Debug|Any CPU
		{5F8EB958-A5FE-43D9-B692-722DE38058EC}.Release|Any CPU.ActiveCfg = Release|Any CPU
		{5F8EB958-A5FE-43D9-B692-722DE38058EC}.Release|Any CPU.Build.0 = Release|Any CPU
	EndGlobalSection
	GlobalSection(SolutionProperties) = preSolution
		HideSolutionNode = FALSE
	EndGlobalSection
	GlobalSection(ExtensibilityGlobals) = postSolution
		SolutionGuid = {BADA2439-8714-400A-B286-90E1F95752FC}
	EndGlobalSection
EndGlobal
